
Microsoft Visual Studio Solution File, Format Version 12.00
# Visual Studio Version 17
VisualStudioVersion = 17.8.34330.188
MinimumVisualStudioVersion = 10.0.40219.1
Project("{9A19103F-16F7-4668-BE54-9A1E7A4F7556}") = "razor-poc", "razor-poc.csproj", "{2B28B3A3-EFB7-4F7C-B832-905A3D0778DC}"
EndProject
Global
	GlobalSection(SolutionConfigurationPlatforms) = preSolution
		Debug|Any CPU = Debug|Any CPU
		Release|Any CPU = Release|Any CPU
	EndGlobalSection
	GlobalSection(ProjectConfigurationPlatforms) = postSolution
		{2B28B3A3-EFB7-4F7C-B832-905A3D0778DC}.Debug|Any CPU.ActiveCfg = Debug|Any CPU
		{2B28B3A3-EFB7-4F7C-B832-905A3D0778DC}.Debug|Any CPU.Build.0 = Debug|Any CPU
		{2B28B3A3-EFB7-4F7C-B832-905A3D0778DC}.Release|Any CPU.ActiveCfg = Release|Any CPU
		{2B28B3A3-EFB7-4F7C-B832-905A3D0778DC}.Release|Any CPU.Build.0 = Release|Any CPU
	EndGlobalSection
	GlobalSection(SolutionProperties) = preSolution
		HideSolutionNode = FALSE
	EndGlobalSection
	GlobalSection(ExtensibilityGlobals) = postSolution
		SolutionGuid = {F6A78763-A006-41B5-AE80-9EFA14873911}
	EndGlobalSection
EndGlobal
